// !$*UTF8*$!
{
	archiveVersion = 1;
	classes = {
	};
	objectVersion = 46;
	objects = {

/* Begin PBXBuildFile section */
		0405938E1C2E1CD100978221 /* HUNetworkingApi.m in Sources */ = {isa = PBXBuildFile; fileRef = 0405938D1C2E1CD100978221 /* HUNetworkingApi.m */; };
		040593911C2E2F2600978221 /* HUUserViewModel.m in Sources */ = {isa = PBXBuildFile; fileRef = 040593901C2E2F2600978221 /* HUUserViewModel.m */; };
		040593941C2E301F00978221 /* DBMaster.m in Sources */ = {isa = PBXBuildFile; fileRef = 040593931C2E301F00978221 /* DBMaster.m */; };
		0405939B1C2E845D00978221 /* HULocalizationApi.m in Sources */ = {isa = PBXBuildFile; fileRef = 0405939A1C2E845D00978221 /* HULocalizationApi.m */; };
		0405939E1C2E8E2500978221 /* HUBasicViewModel.m in Sources */ = {isa = PBXBuildFile; fileRef = 0405939D1C2E8E2500978221 /* HUBasicViewModel.m */; };
		040AE2981C3215D8004B7F46 /* HUTabBarController.m in Sources */ = {isa = PBXBuildFile; fileRef = 040AE2971C3215D8004B7F46 /* HUTabBarController.m */; };
		040AE29B1C321840004B7F46 /* HUTabBar.m in Sources */ = {isa = PBXBuildFile; fileRef = 040AE29A1C321840004B7F46 /* HUTabBar.m */; };
		045310C51C2D052500DE0DC9 /* HUCommond.m in Sources */ = {isa = PBXBuildFile; fileRef = 045310C41C2D052500DE0DC9 /* HUCommond.m */; };
		04EEC2F61C39FAC900D13CD4 /* HUCustomDataSource.m in Sources */ = {isa = PBXBuildFile; fileRef = 04EEC2F51C39FAC900D13CD4 /* HUCustomDataSource.m */; };
		04EEC2FA1C3A0AC100D13CD4 /* HUEditSportViewController.m in Sources */ = {isa = PBXBuildFile; fileRef = 04EEC2F81C3A0AC100D13CD4 /* HUEditSportViewController.m */; };
		04EEC2FB1C3A0AC100D13CD4 /* HUEditSportViewController.xib in Resources */ = {isa = PBXBuildFile; fileRef = 04EEC2F91C3A0AC100D13CD4 /* HUEditSportViewController.xib */; };
		04EEC3001C3A0CAD00D13CD4 /* HUEditViewModel.m in Sources */ = {isa = PBXBuildFile; fileRef = 04EEC2FF1C3A0CAD00D13CD4 /* HUEditViewModel.m */; };
		04EEC3061C3A32D700D13CD4 /* HUModel.m in Sources */ = {isa = PBXBuildFile; fileRef = 04EEC3031C3A32D700D13CD4 /* HUModel.m */; };
		04EEC3071C3A32D700D13CD4 /* HUUser.m in Sources */ = {isa = PBXBuildFile; fileRef = 04EEC3051C3A32D700D13CD4 /* HUUser.m */; };
		04F03AB41C2B7A16007C5A7A /* main.m in Sources */ = {isa = PBXBuildFile; fileRef = 04F03AB31C2B7A16007C5A7A /* main.m */; };
		04F03AB71C2B7A16007C5A7A /* AppDelegate.m in Sources */ = {isa = PBXBuildFile; fileRef = 04F03AB61C2B7A16007C5A7A /* AppDelegate.m */; };
		04F03ABD1C2B7A16007C5A7A /* Main.storyboard in Resources */ = {isa = PBXBuildFile; fileRef = 04F03ABB1C2B7A16007C5A7A /* Main.storyboard */; };
		04F03ABF1C2B7A16007C5A7A /* Assets.xcassets in Resources */ = {isa = PBXBuildFile; fileRef = 04F03ABE1C2B7A16007C5A7A /* Assets.xcassets */; };
		04F03AD01C2BB5FE007C5A7A /* HULoginViewController.m in Sources */ = {isa = PBXBuildFile; fileRef = 04F03ACE1C2BB5FE007C5A7A /* HULoginViewController.m */; };
		04F03AD11C2BB5FE007C5A7A /* HULoginViewController.xib in Resources */ = {isa = PBXBuildFile; fileRef = 04F03ACF1C2BB5FE007C5A7A /* HULoginViewController.xib */; };
		04F9CDEF1C2BBF8E00FF2E2E /* a.jpg in Resources */ = {isa = PBXBuildFile; fileRef = 04F9CDEE1C2BBF8E00FF2E2E /* a.jpg */; };
		04F9CDF91C2BC20B00FF2E2E /* NSString+Extension.m in Sources */ = {isa = PBXBuildFile; fileRef = 04F9CDF21C2BC20B00FF2E2E /* NSString+Extension.m */; };
		04F9CDFA1C2BC20B00FF2E2E /* UIImage+Extension.m in Sources */ = {isa = PBXBuildFile; fileRef = 04F9CDF41C2BC20B00FF2E2E /* UIImage+Extension.m */; };
		04F9CDFB1C2BC20B00FF2E2E /* UINavigationBar+BackgroundColor.m in Sources */ = {isa = PBXBuildFile; fileRef = 04F9CDF61C2BC20B00FF2E2E /* UINavigationBar+BackgroundColor.m */; };
		04F9CDFC1C2BC20B00FF2E2E /* UIView+Extension.m in Sources */ = {isa = PBXBuildFile; fileRef = 04F9CDF81C2BC20B00FF2E2E /* UIView+Extension.m */; };
		04F9CE041C2BC76100FF2E2E /* ViewController.m in Sources */ = {isa = PBXBuildFile; fileRef = 04F9CE001C2BC76100FF2E2E /* ViewController.m */; };
		04F9CE051C2BC76100FF2E2E /* MyView.m in Sources */ = {isa = PBXBuildFile; fileRef = 04F9CE031C2BC76100FF2E2E /* MyView.m */; };
		04F9CE081C2BC79900FF2E2E /* HUParallaxView.m in Sources */ = {isa = PBXBuildFile; fileRef = 04F9CE071C2BC79900FF2E2E /* HUParallaxView.m */; };
		04F9CE0A1C2BCBED00FF2E2E /* b.jpg in Resources */ = {isa = PBXBuildFile; fileRef = 04F9CE091C2BCBED00FF2E2E /* b.jpg */; };
		04F9CE0E1C2BDD0600FF2E2E /* HUNavigationController.m in Sources */ = {isa = PBXBuildFile; fileRef = 04F9CE0D1C2BDD0600FF2E2E /* HUNavigationController.m */; };
		04F9CE111C2BDD4E00FF2E2E /* UIBarButtonItem+Extension.m in Sources */ = {isa = PBXBuildFile; fileRef = 04F9CE101C2BDD4E00FF2E2E /* UIBarButtonItem+Extension.m */; };
		04F9CE151C2BDFCB00FF2E2E /* HUAddSportViewController.m in Sources */ = {isa = PBXBuildFile; fileRef = 04F9CE141C2BDFCB00FF2E2E /* HUAddSportViewController.m */; };
		04F9CE191C2BEA6100FF2E2E /* HUCalculatorMaker.m in Sources */ = {isa = PBXBuildFile; fileRef = 04F9CE181C2BEA6100FF2E2E /* HUCalculatorMaker.m */; };
		04F9CE1C1C2BEB2A00FF2E2E /* NSObject+HUCalculator.m in Sources */ = {isa = PBXBuildFile; fileRef = 04F9CE1B1C2BEB2A00FF2E2E /* NSObject+HUCalculator.m */; };
		A4CC243764C2C2C99187DCE6 /* libPods-SportTimer.a in Frameworks */ = {isa = PBXBuildFile; fileRef = 74AB6B54DB068A13BD508381 /* libPods-SportTimer.a */; };
/* End PBXBuildFile section */

/* Begin PBXFileReference section */
		0405938C1C2E1CD100978221 /* HUNetworkingApi.h */ = {isa = PBXFileReference; fileEncoding = 4; lastKnownFileType = sourcecode.c.h; path = HUNetworkingApi.h; sourceTree = "<group>"; };
		0405938D1C2E1CD100978221 /* HUNetworkingApi.m */ = {isa = PBXFileReference; fileEncoding = 4; lastKnownFileType = sourcecode.c.objc; path = HUNetworkingApi.m; sourceTree = "<group>"; };
		0405938F1C2E2F2600978221 /* HUUserViewModel.h */ = {isa = PBXFileReference; fileEncoding = 4; lastKnownFileType = sourcecode.c.h; path = HUUserViewModel.h; sourceTree = "<group>"; };
		040593901C2E2F2600978221 /* HUUserViewModel.m */ = {isa = PBXFileReference; fileEncoding = 4; lastKnownFileType = sourcecode.c.objc; path = HUUserViewModel.m; sourceTree = "<group>"; };
		040593921C2E301F00978221 /* DBMaster.h */ = {isa = PBXFileReference; fileEncoding = 4; lastKnownFileType = sourcecode.c.h; path = DBMaster.h; sourceTree = "<group>"; };
		040593931C2E301F00978221 /* DBMaster.m */ = {isa = PBXFileReference; fileEncoding = 4; lastKnownFileType = sourcecode.c.objc; path = DBMaster.m; sourceTree = "<group>"; };
		040593981C2E83E100978221 /* HULocalizationProtocol.h */ = {isa = PBXFileReference; fileEncoding = 4; lastKnownFileType = sourcecode.c.h; path = HULocalizationProtocol.h; sourceTree = "<group>"; };
		040593991C2E845D00978221 /* HULocalizationApi.h */ = {isa = PBXFileReference; fileEncoding = 4; lastKnownFileType = sourcecode.c.h; path = HULocalizationApi.h; sourceTree = "<group>"; };
		0405939A1C2E845D00978221 /* HULocalizationApi.m */ = {isa = PBXFileReference; fileEncoding = 4; lastKnownFileType = sourcecode.c.objc; path = HULocalizationApi.m; sourceTree = "<group>"; };
		0405939C1C2E8E2500978221 /* HUBasicViewModel.h */ = {isa = PBXFileReference; fileEncoding = 4; lastKnownFileType = sourcecode.c.h; path = HUBasicViewModel.h; sourceTree = "<group>"; };
		0405939D1C2E8E2500978221 /* HUBasicViewModel.m */ = {isa = PBXFileReference; fileEncoding = 4; lastKnownFileType = sourcecode.c.objc; path = HUBasicViewModel.m; sourceTree = "<group>"; };
		040AE2961C3215D8004B7F46 /* HUTabBarController.h */ = {isa = PBXFileReference; fileEncoding = 4; lastKnownFileType = sourcecode.c.h; path = HUTabBarController.h; sourceTree = "<group>"; };
		040AE2971C3215D8004B7F46 /* HUTabBarController.m */ = {isa = PBXFileReference; fileEncoding = 4; lastKnownFileType = sourcecode.c.objc; path = HUTabBarController.m; sourceTree = "<group>"; };
		040AE2991C321840004B7F46 /* HUTabBar.h */ = {isa = PBXFileReference; fileEncoding = 4; lastKnownFileType = sourcecode.c.h; path = HUTabBar.h; sourceTree = "<group>"; };
		040AE29A1C321840004B7F46 /* HUTabBar.m */ = {isa = PBXFileReference; fileEncoding = 4; lastKnownFileType = sourcecode.c.objc; path = HUTabBar.m; sourceTree = "<group>"; };
		045310C31C2D052500DE0DC9 /* HUCommond.h */ = {isa = PBXFileReference; fileEncoding = 4; lastKnownFileType = sourcecode.c.h; path = HUCommond.h; sourceTree = "<group>"; };
		045310C41C2D052500DE0DC9 /* HUCommond.m */ = {isa = PBXFileReference; fileEncoding = 4; lastKnownFileType = sourcecode.c.objc; path = HUCommond.m; sourceTree = "<group>"; };
		04EEC2F41C39FAC900D13CD4 /* HUCustomDataSource.h */ = {isa = PBXFileReference; fileEncoding = 4; lastKnownFileType = sourcecode.c.h; path = HUCustomDataSource.h; sourceTree = "<group>"; };
		04EEC2F51C39FAC900D13CD4 /* HUCustomDataSource.m */ = {isa = PBXFileReference; fileEncoding = 4; lastKnownFileType = sourcecode.c.objc; path = HUCustomDataSource.m; sourceTree = "<group>"; };
		04EEC2F71C3A0AC100D13CD4 /* HUEditSportViewController.h */ = {isa = PBXFileReference; fileEncoding = 4; lastKnownFileType = sourcecode.c.h; path = HUEditSportViewController.h; sourceTree = "<group>"; };
		04EEC2F81C3A0AC100D13CD4 /* HUEditSportViewController.m */ = {isa = PBXFileReference; fileEncoding = 4; lastKnownFileType = sourcecode.c.objc; path = HUEditSportViewController.m; sourceTree = "<group>"; };
		04EEC2F91C3A0AC100D13CD4 /* HUEditSportViewController.xib */ = {isa = PBXFileReference; fileEncoding = 4; lastKnownFileType = file.xib; path = HUEditSportViewController.xib; sourceTree = "<group>"; };
		04EEC2FE1C3A0CAD00D13CD4 /* HUEditViewModel.h */ = {isa = PBXFileReference; fileEncoding = 4; lastKnownFileType = sourcecode.c.h; path = HUEditViewModel.h; sourceTree = "<group>"; };
		04EEC2FF1C3A0CAD00D13CD4 /* HUEditViewModel.m */ = {isa = PBXFileReference; fileEncoding = 4; lastKnownFileType = sourcecode.c.objc; path = HUEditViewModel.m; sourceTree = "<group>"; };
		04EEC3021C3A32D700D13CD4 /* HUModel.h */ = {isa = PBXFileReference; fileEncoding = 4; lastKnownFileType = sourcecode.c.h; path = HUModel.h; sourceTree = "<group>"; };
		04EEC3031C3A32D700D13CD4 /* HUModel.m */ = {isa = PBXFileReference; fileEncoding = 4; lastKnownFileType = sourcecode.c.objc; path = HUModel.m; sourceTree = "<group>"; };
		04EEC3041C3A32D700D13CD4 /* HUUser.h */ = {isa = PBXFileReference; fileEncoding = 4; lastKnownFileType = sourcecode.c.h; path = HUUser.h; sourceTree = "<group>"; };
		04EEC3051C3A32D700D13CD4 /* HUUser.m */ = {isa = PBXFileReference; fileEncoding = 4; lastKnownFileType = sourcecode.c.objc; path = HUUser.m; sourceTree = "<group>"; };
		04F03AAF1C2B7A16007C5A7A /* SportTimer.app */ = {isa = PBXFileReference; explicitFileType = wrapper.application; includeInIndex = 0; path = SportTimer.app; sourceTree = BUILT_PRODUCTS_DIR; };
		04F03AB31C2B7A16007C5A7A /* main.m */ = {isa = PBXFileReference; lastKnownFileType = sourcecode.c.objc; path = main.m; sourceTree = "<group>"; };
		04F03AB51C2B7A16007C5A7A /* AppDelegate.h */ = {isa = PBXFileReference; lastKnownFileType = sourcecode.c.h; path = AppDelegate.h; sourceTree = "<group>"; };
		04F03AB61C2B7A16007C5A7A /* AppDelegate.m */ = {isa = PBXFileReference; lastKnownFileType = sourcecode.c.objc; path = AppDelegate.m; sourceTree = "<group>"; };
		04F03ABC1C2B7A16007C5A7A /* Base */ = {isa = PBXFileReference; lastKnownFileType = file.storyboard; name = Base; path = Base.lproj/Main.storyboard; sourceTree = "<group>"; };
		04F03ABE1C2B7A16007C5A7A /* Assets.xcassets */ = {isa = PBXFileReference; lastKnownFileType = folder.assetcatalog; path = Assets.xcassets; sourceTree = "<group>"; };
		04F03AC31C2B7A16007C5A7A /* Info.plist */ = {isa = PBXFileReference; lastKnownFileType = text.plist.xml; path = Info.plist; sourceTree = "<group>"; };
		04F03AC91C2B7D03007C5A7A /* PrefixHeader.pch */ = {isa = PBXFileReference; lastKnownFileType = sourcecode.c.h; path = PrefixHeader.pch; sourceTree = "<group>"; };
		04F03ACD1C2BB5FE007C5A7A /* HULoginViewController.h */ = {isa = PBXFileReference; fileEncoding = 4; lastKnownFileType = sourcecode.c.h; path = HULoginViewController.h; sourceTree = "<group>"; };
		04F03ACE1C2BB5FE007C5A7A /* HULoginViewController.m */ = {isa = PBXFileReference; fileEncoding = 4; lastKnownFileType = sourcecode.c.objc; path = HULoginViewController.m; sourceTree = "<group>"; };
		04F03ACF1C2BB5FE007C5A7A /* HULoginViewController.xib */ = {isa = PBXFileReference; fileEncoding = 4; lastKnownFileType = file.xib; path = HULoginViewController.xib; sourceTree = "<group>"; };
		04F9CDEE1C2BBF8E00FF2E2E /* a.jpg */ = {isa = PBXFileReference; lastKnownFileType = image.jpeg; path = a.jpg; sourceTree = "<group>"; };
		04F9CDF11C2BC20B00FF2E2E /* NSString+Extension.h */ = {isa = PBXFileReference; fileEncoding = 4; lastKnownFileType = sourcecode.c.h; path = "NSString+Extension.h"; sourceTree = "<group>"; };
		04F9CDF21C2BC20B00FF2E2E /* NSString+Extension.m */ = {isa = PBXFileReference; fileEncoding = 4; lastKnownFileType = sourcecode.c.objc; path = "NSString+Extension.m"; sourceTree = "<group>"; };
		04F9CDF31C2BC20B00FF2E2E /* UIImage+Extension.h */ = {isa = PBXFileReference; fileEncoding = 4; lastKnownFileType = sourcecode.c.h; path = "UIImage+Extension.h"; sourceTree = "<group>"; };
		04F9CDF41C2BC20B00FF2E2E /* UIImage+Extension.m */ = {isa = PBXFileReference; fileEncoding = 4; lastKnownFileType = sourcecode.c.objc; path = "UIImage+Extension.m"; sourceTree = "<group>"; };
		04F9CDF51C2BC20B00FF2E2E /* UINavigationBar+BackgroundColor.h */ = {isa = PBXFileReference; fileEncoding = 4; lastKnownFileType = sourcecode.c.h; path = "UINavigationBar+BackgroundColor.h"; sourceTree = "<group>"; };
		04F9CDF61C2BC20B00FF2E2E /* UINavigationBar+BackgroundColor.m */ = {isa = PBXFileReference; fileEncoding = 4; lastKnownFileType = sourcecode.c.objc; path = "UINavigationBar+BackgroundColor.m"; sourceTree = "<group>"; };
		04F9CDF71C2BC20B00FF2E2E /* UIView+Extension.h */ = {isa = PBXFileReference; fileEncoding = 4; lastKnownFileType = sourcecode.c.h; path = "UIView+Extension.h"; sourceTree = "<group>"; };
		04F9CDF81C2BC20B00FF2E2E /* UIView+Extension.m */ = {isa = PBXFileReference; fileEncoding = 4; lastKnownFileType = sourcecode.c.objc; path = "UIView+Extension.m"; sourceTree = "<group>"; };
		04F9CDFF1C2BC76100FF2E2E /* ViewController.h */ = {isa = PBXFileReference; fileEncoding = 4; lastKnownFileType = sourcecode.c.h; path = ViewController.h; sourceTree = "<group>"; };
		04F9CE001C2BC76100FF2E2E /* ViewController.m */ = {isa = PBXFileReference; fileEncoding = 4; lastKnownFileType = sourcecode.c.objc; path = ViewController.m; sourceTree = "<group>"; };
		04F9CE021C2BC76100FF2E2E /* MyView.h */ = {isa = PBXFileReference; fileEncoding = 4; lastKnownFileType = sourcecode.c.h; path = MyView.h; sourceTree = "<group>"; };
		04F9CE031C2BC76100FF2E2E /* MyView.m */ = {isa = PBXFileReference; fileEncoding = 4; lastKnownFileType = sourcecode.c.objc; path = MyView.m; sourceTree = "<group>"; };
		04F9CE061C2BC79900FF2E2E /* HUParallaxView.h */ = {isa = PBXFileReference; fileEncoding = 4; lastKnownFileType = sourcecode.c.h; path = HUParallaxView.h; sourceTree = "<group>"; };
		04F9CE071C2BC79900FF2E2E /* HUParallaxView.m */ = {isa = PBXFileReference; fileEncoding = 4; lastKnownFileType = sourcecode.c.objc; path = HUParallaxView.m; sourceTree = "<group>"; };
		04F9CE091C2BCBED00FF2E2E /* b.jpg */ = {isa = PBXFileReference; lastKnownFileType = image.jpeg; path = b.jpg; sourceTree = "<group>"; };
		04F9CE0C1C2BDD0600FF2E2E /* HUNavigationController.h */ = {isa = PBXFileReference; fileEncoding = 4; lastKnownFileType = sourcecode.c.h; path = HUNavigationController.h; sourceTree = "<group>"; };
		04F9CE0D1C2BDD0600FF2E2E /* HUNavigationController.m */ = {isa = PBXFileReference; fileEncoding = 4; lastKnownFileType = sourcecode.c.objc; path = HUNavigationController.m; sourceTree = "<group>"; };
		04F9CE0F1C2BDD4E00FF2E2E /* UIBarButtonItem+Extension.h */ = {isa = PBXFileReference; fileEncoding = 4; lastKnownFileType = sourcecode.c.h; path = "UIBarButtonItem+Extension.h"; sourceTree = "<group>"; };
		04F9CE101C2BDD4E00FF2E2E /* UIBarButtonItem+Extension.m */ = {isa = PBXFileReference; fileEncoding = 4; lastKnownFileType = sourcecode.c.objc; path = "UIBarButtonItem+Extension.m"; sourceTree = "<group>"; };
		04F9CE121C2BDD9D00FF2E2E /* const.h */ = {isa = PBXFileReference; lastKnownFileType = sourcecode.c.h; path = const.h; sourceTree = "<group>"; };
		04F9CE131C2BDFCB00FF2E2E /* HUAddSportViewController.h */ = {isa = PBXFileReference; fileEncoding = 4; lastKnownFileType = sourcecode.c.h; path = HUAddSportViewController.h; sourceTree = "<group>"; };
		04F9CE141C2BDFCB00FF2E2E /* HUAddSportViewController.m */ = {isa = PBXFileReference; fileEncoding = 4; lastKnownFileType = sourcecode.c.objc; path = HUAddSportViewController.m; sourceTree = "<group>"; };
		04F9CE171C2BEA6100FF2E2E /* HUCalculatorMaker.h */ = {isa = PBXFileReference; fileEncoding = 4; lastKnownFileType = sourcecode.c.h; path = HUCalculatorMaker.h; sourceTree = "<group>"; };
		04F9CE181C2BEA6100FF2E2E /* HUCalculatorMaker.m */ = {isa = PBXFileReference; fileEncoding = 4; lastKnownFileType = sourcecode.c.objc; path = HUCalculatorMaker.m; sourceTree = "<group>"; };
		04F9CE1A1C2BEB2A00FF2E2E /* NSObject+HUCalculator.h */ = {isa = PBXFileReference; fileEncoding = 4; lastKnownFileType = sourcecode.c.h; path = "NSObject+HUCalculator.h"; sourceTree = "<group>"; };
		04F9CE1B1C2BEB2A00FF2E2E /* NSObject+HUCalculator.m */ = {isa = PBXFileReference; fileEncoding = 4; lastKnownFileType = sourcecode.c.objc; path = "NSObject+HUCalculator.m"; sourceTree = "<group>"; };
		74AB6B54DB068A13BD508381 /* libPods-SportTimer.a */ = {isa = PBXFileReference; explicitFileType = archive.ar; includeInIndex = 0; path = "libPods-SportTimer.a"; sourceTree = BUILT_PRODUCTS_DIR; };
		82900478C216FBDCC3ACDCD0 /* Pods-SportTimer.release.xcconfig */ = {isa = PBXFileReference; includeInIndex = 1; lastKnownFileType = text.xcconfig; name = "Pods-SportTimer.release.xcconfig"; path = "Pods/Target Support Files/Pods-SportTimer/Pods-SportTimer.release.xcconfig"; sourceTree = "<group>"; };
		99FBA4DA239A4F574BD415E4 /* Pods-SportTimer.debug.xcconfig */ = {isa = PBXFileReference; includeInIndex = 1; lastKnownFileType = text.xcconfig; name = "Pods-SportTimer.debug.xcconfig"; path = "Pods/Target Support Files/Pods-SportTimer/Pods-SportTimer.debug.xcconfig"; sourceTree = "<group>"; };
/* End PBXFileReference section */

/* Begin PBXFrameworksBuildPhase section */
		04F03AAC1C2B7A16007C5A7A /* Frameworks */ = {
			isa = PBXFrameworksBuildPhase;
			buildActionMask = 2147483647;
			files = (
				A4CC243764C2C2C99187DCE6 /* libPods-SportTimer.a in Frameworks */,
			);
			runOnlyForDeploymentPostprocessing = 0;
		};
/* End PBXFrameworksBuildPhase section */

/* Begin PBXGroup section */
		0405938B1C2E1CA300978221 /* Util */ = {
			isa = PBXGroup;
			children = (
				0405938C1C2E1CD100978221 /* HUNetworkingApi.h */,
				0405938D1C2E1CD100978221 /* HUNetworkingApi.m */,
				040593921C2E301F00978221 /* DBMaster.h */,
				040593931C2E301F00978221 /* DBMaster.m */,
				040593981C2E83E100978221 /* HULocalizationProtocol.h */,
				040593991C2E845D00978221 /* HULocalizationApi.h */,
				0405939A1C2E845D00978221 /* HULocalizationApi.m */,
				04EEC2F41C39FAC900D13CD4 /* HUCustomDataSource.h */,
				04EEC2F51C39FAC900D13CD4 /* HUCustomDataSource.m */,
			);
			path = Util;
			sourceTree = "<group>";
		};
		04EEC2FC1C3A0AFD00D13CD4 /* Add sport */ = {
			isa = PBXGroup;
			children = (
				04F9CE131C2BDFCB00FF2E2E /* HUAddSportViewController.h */,
				04F9CE141C2BDFCB00FF2E2E /* HUAddSportViewController.m */,
				0405938F1C2E2F2600978221 /* HUUserViewModel.h */,
				040593901C2E2F2600978221 /* HUUserViewModel.m */,
			);
			name = "Add sport";
			sourceTree = "<group>";
		};
		04EEC2FD1C3A0B0E00D13CD4 /* Edit sport */ = {
			isa = PBXGroup;
			children = (
				04EEC2F71C3A0AC100D13CD4 /* HUEditSportViewController.h */,
				04EEC2F81C3A0AC100D13CD4 /* HUEditSportViewController.m */,
				04EEC2F91C3A0AC100D13CD4 /* HUEditSportViewController.xib */,
				04EEC2FE1C3A0CAD00D13CD4 /* HUEditViewModel.h */,
				04EEC2FF1C3A0CAD00D13CD4 /* HUEditViewModel.m */,
			);
			name = "Edit sport";
			sourceTree = "<group>";
		};
		04EEC3011C3A329400D13CD4 /* Model */ = {
			isa = PBXGroup;
			children = (
				04EEC3021C3A32D700D13CD4 /* HUModel.h */,
				04EEC3031C3A32D700D13CD4 /* HUModel.m */,
				04EEC3041C3A32D700D13CD4 /* HUUser.h */,
				04EEC3051C3A32D700D13CD4 /* HUUser.m */,
			);
			path = Model;
			sourceTree = "<group>";
		};
		04F03AA61C2B7A15007C5A7A = {
			isa = PBXGroup;
			children = (
				04F03AB11C2B7A16007C5A7A /* SportTimer */,
				04F03AB01C2B7A16007C5A7A /* Products */,
				9040FCA8B7E6F11A3056BDB1 /* Pods */,
				3AACC30BE275C57918389176 /* Frameworks */,
			);
			sourceTree = "<group>";
		};
		04F03AB01C2B7A16007C5A7A /* Products */ = {
			isa = PBXGroup;
			children = (
				04F03AAF1C2B7A16007C5A7A /* SportTimer.app */,
			);
			name = Products;
			sourceTree = "<group>";
		};
		04F03AB11C2B7A16007C5A7A /* SportTimer */ = {
			isa = PBXGroup;
			children = (
				04F03AD21C2BB613007C5A7A /* Classes */,
				04F03AB21C2B7A16007C5A7A /* Supporting Files */,
			);
			path = SportTimer;
			sourceTree = "<group>";
		};
		04F03AB21C2B7A16007C5A7A /* Supporting Files */ = {
			isa = PBXGroup;
			children = (
				04F9CE091C2BCBED00FF2E2E /* b.jpg */,
				04F9CDEE1C2BBF8E00FF2E2E /* a.jpg */,
				04F03ABB1C2B7A16007C5A7A /* Main.storyboard */,
				04F03ABE1C2B7A16007C5A7A /* Assets.xcassets */,
				04F03AC31C2B7A16007C5A7A /* Info.plist */,
				04F03AB31C2B7A16007C5A7A /* main.m */,
				04F03AC91C2B7D03007C5A7A /* PrefixHeader.pch */,
				04F9CE121C2BDD9D00FF2E2E /* const.h */,
			);
			name = "Supporting Files";
			sourceTree = "<group>";
		};
		04F03AD21C2BB613007C5A7A /* Classes */ = {
			isa = PBXGroup;
			children = (
				0405938B1C2E1CA300978221 /* Util */,
				04F03AD31C2BB696007C5A7A /* Main */,
				04F9CDFD1C2BC72A00FF2E2E /* Home */,
				04F03AD41C2BB6BD007C5A7A /* Login */,
				04F9CE161C2BEA2600FF2E2E /* Other */,
			);
			path = Classes;
			sourceTree = "<group>";
		};
		04F03AD31C2BB696007C5A7A /* Main */ = {
			isa = PBXGroup;
			children = (
				04F9CDF01C2BC1C500FF2E2E /* Category */,
				04F9CE0B1C2BDCD700FF2E2E /* Class */,
			);
			path = Main;
			sourceTree = "<group>";
		};
		04F03AD41C2BB6BD007C5A7A /* Login */ = {
			isa = PBXGroup;
			children = (
				04F03ACD1C2BB5FE007C5A7A /* HULoginViewController.h */,
				04F03ACE1C2BB5FE007C5A7A /* HULoginViewController.m */,
				04F03ACF1C2BB5FE007C5A7A /* HULoginViewController.xib */,
			);
			path = Login;
			sourceTree = "<group>";
		};
		04F9CDF01C2BC1C500FF2E2E /* Category */ = {
			isa = PBXGroup;
			children = (
				04F9CDF11C2BC20B00FF2E2E /* NSString+Extension.h */,
				04F9CDF21C2BC20B00FF2E2E /* NSString+Extension.m */,
				04F9CDF31C2BC20B00FF2E2E /* UIImage+Extension.h */,
				04F9CDF41C2BC20B00FF2E2E /* UIImage+Extension.m */,
				04F9CDF51C2BC20B00FF2E2E /* UINavigationBar+BackgroundColor.h */,
				04F9CDF61C2BC20B00FF2E2E /* UINavigationBar+BackgroundColor.m */,
				04F9CE0F1C2BDD4E00FF2E2E /* UIBarButtonItem+Extension.h */,
				04F9CE101C2BDD4E00FF2E2E /* UIBarButtonItem+Extension.m */,
				04F9CDF71C2BC20B00FF2E2E /* UIView+Extension.h */,
				04F9CDF81C2BC20B00FF2E2E /* UIView+Extension.m */,
			);
			path = Category;
			sourceTree = "<group>";
		};
		04F9CDFD1C2BC72A00FF2E2E /* Home */ = {
			isa = PBXGroup;
			children = (
				04EEC3011C3A329400D13CD4 /* Model */,
				04F9CDFE1C2BC76100FF2E2E /* Controller */,
				04F9CE011C2BC76100FF2E2E /* View */,
			);
			path = Home;
			sourceTree = "<group>";
		};
		04F9CDFE1C2BC76100FF2E2E /* Controller */ = {
			isa = PBXGroup;
			children = (
				04F9CDFF1C2BC76100FF2E2E /* ViewController.h */,
				04F9CE001C2BC76100FF2E2E /* ViewController.m */,
				04EEC2FC1C3A0AFD00D13CD4 /* Add sport */,
				04EEC2FD1C3A0B0E00D13CD4 /* Edit sport */,
				0405939C1C2E8E2500978221 /* HUBasicViewModel.h */,
				0405939D1C2E8E2500978221 /* HUBasicViewModel.m */,
			);
			path = Controller;
			sourceTree = "<group>";
		};
		04F9CE011C2BC76100FF2E2E /* View */ = {
			isa = PBXGroup;
			children = (
				04F9CE021C2BC76100FF2E2E /* MyView.h */,
				04F9CE031C2BC76100FF2E2E /* MyView.m */,
				04F9CE061C2BC79900FF2E2E /* HUParallaxView.h */,
				04F9CE071C2BC79900FF2E2E /* HUParallaxView.m */,
			);
			path = View;
			sourceTree = "<group>";
		};
		04F9CE0B1C2BDCD700FF2E2E /* Class */ = {
			isa = PBXGroup;
			children = (
				04F03AB51C2B7A16007C5A7A /* AppDelegate.h */,
				04F03AB61C2B7A16007C5A7A /* AppDelegate.m */,
				040AE2961C3215D8004B7F46 /* HUTabBarController.h */,
				040AE2971C3215D8004B7F46 /* HUTabBarController.m */,
				04F9CE0C1C2BDD0600FF2E2E /* HUNavigationController.h */,
				04F9CE0D1C2BDD0600FF2E2E /* HUNavigationController.m */,
				040AE2991C321840004B7F46 /* HUTabBar.h */,
				040AE29A1C321840004B7F46 /* HUTabBar.m */,
			);
			path = Class;
			sourceTree = "<group>";
		};
		04F9CE161C2BEA2600FF2E2E /* Other */ = {
			isa = PBXGroup;
			children = (
				04F9CE171C2BEA6100FF2E2E /* HUCalculatorMaker.h */,
				04F9CE181C2BEA6100FF2E2E /* HUCalculatorMaker.m */,
				04F9CE1A1C2BEB2A00FF2E2E /* NSObject+HUCalculator.h */,
				04F9CE1B1C2BEB2A00FF2E2E /* NSObject+HUCalculator.m */,
				045310C31C2D052500DE0DC9 /* HUCommond.h */,
				045310C41C2D052500DE0DC9 /* HUCommond.m */,
			);
			path = Other;
			sourceTree = "<group>";
		};
		3AACC30BE275C57918389176 /* Frameworks */ = {
			isa = PBXGroup;
			children = (
				74AB6B54DB068A13BD508381 /* libPods-SportTimer.a */,
			);
			name = Frameworks;
			sourceTree = "<group>";
		};
		9040FCA8B7E6F11A3056BDB1 /* Pods */ = {
			isa = PBXGroup;
			children = (
				99FBA4DA239A4F574BD415E4 /* Pods-SportTimer.debug.xcconfig */,
				82900478C216FBDCC3ACDCD0 /* Pods-SportTimer.release.xcconfig */,
			);
			name = Pods;
			sourceTree = "<group>";
		};
/* End PBXGroup section */

/* Begin PBXNativeTarget section */
		04F03AAE1C2B7A16007C5A7A /* SportTimer */ = {
			isa = PBXNativeTarget;
			buildConfigurationList = 04F03AC61C2B7A16007C5A7A /* Build configuration list for PBXNativeTarget "SportTimer" */;
			buildPhases = (
				3D743FF7563E9C95D7F8187F /* Check Pods Manifest.lock */,
				04F03AAB1C2B7A16007C5A7A /* Sources */,
				04F03AAC1C2B7A16007C5A7A /* Frameworks */,
				04F03AAD1C2B7A16007C5A7A /* Resources */,
				1351EDAE509BA28EE8E64A56 /* Embed Pods Frameworks */,
				15DD4B816D626E228772514D /* Copy Pods Resources */,
			);
			buildRules = (
			);
			dependencies = (
			);
			name = SportTimer;
			productName = SportTimer;
			productReference = 04F03AAF1C2B7A16007C5A7A /* SportTimer.app */;
			productType = "com.apple.product-type.application";
		};
/* End PBXNativeTarget section */

/* Begin PBXProject section */
		04F03AA71C2B7A16007C5A7A /* Project object */ = {
			isa = PBXProject;
			attributes = {
				CLASSPREFIX = HU;
				LastUpgradeCheck = 0720;
				ORGANIZATIONNAME = jinhuadiqigan;
				TargetAttributes = {
					04F03AAE1C2B7A16007C5A7A = {
						CreatedOnToolsVersion = 7.2;
					};
				};
			};
			buildConfigurationList = 04F03AAA1C2B7A16007C5A7A /* Build configuration list for PBXProject "SportTimer" */;
			compatibilityVersion = "Xcode 3.2";
			developmentRegion = English;
			hasScannedForEncodings = 0;
			knownRegions = (
				en,
				Base,
			);
			mainGroup = 04F03AA61C2B7A15007C5A7A;
			productRefGroup = 04F03AB01C2B7A16007C5A7A /* Products */;
			projectDirPath = "";
			projectRoot = "";
			targets = (
				04F03AAE1C2B7A16007C5A7A /* SportTimer */,
			);
		};
/* End PBXProject section */

/* Begin PBXResourcesBuildPhase section */
		04F03AAD1C2B7A16007C5A7A /* Resources */ = {
			isa = PBXResourcesBuildPhase;
			buildActionMask = 2147483647;
			files = (
				04F9CE0A1C2BCBED00FF2E2E /* b.jpg in Resources */,
				04F03ABF1C2B7A16007C5A7A /* Assets.xcassets in Resources */,
				04F9CDEF1C2BBF8E00FF2E2E /* a.jpg in Resources */,
				04F03ABD1C2B7A16007C5A7A /* Main.storyboard in Resources */,
				04EEC2FB1C3A0AC100D13CD4 /* HUEditSportViewController.xib in Resources */,
				04F03AD11C2BB5FE007C5A7A /* HULoginViewController.xib in Resources */,
			);
			runOnlyForDeploymentPostprocessing = 0;
		};
/* End PBXResourcesBuildPhase section */

/* Begin PBXShellScriptBuildPhase section */
		1351EDAE509BA28EE8E64A56 /* Embed Pods Frameworks */ = {
			isa = PBXShellScriptBuildPhase;
			buildActionMask = 2147483647;
			files = (
			);
			inputPaths = (
			);
			name = "Embed Pods Frameworks";
			outputPaths = (
			);
			runOnlyForDeploymentPostprocessing = 0;
			shellPath = /bin/sh;
			shellScript = "\"${SRCROOT}/Pods/Target Support Files/Pods-SportTimer/Pods-SportTimer-frameworks.sh\"\n";
			showEnvVarsInLog = 0;
		};
		15DD4B816D626E228772514D /* Copy Pods Resources */ = {
			isa = PBXShellScriptBuildPhase;
			buildActionMask = 2147483647;
			files = (
			);
			inputPaths = (
			);
			name = "Copy Pods Resources";
			outputPaths = (
			);
			runOnlyForDeploymentPostprocessing = 0;
			shellPath = /bin/sh;
			shellScript = "\"${SRCROOT}/Pods/Target Support Files/Pods-SportTimer/Pods-SportTimer-resources.sh\"\n";
			showEnvVarsInLog = 0;
		};
		3D743FF7563E9C95D7F8187F /* Check Pods Manifest.lock */ = {
			isa = PBXShellScriptBuildPhase;
			buildActionMask = 2147483647;
			files = (
			);
			inputPaths = (
			);
			name = "Check Pods Manifest.lock";
			outputPaths = (
			);
			runOnlyForDeploymentPostprocessing = 0;
			shellPath = /bin/sh;
			shellScript = "diff \"${PODS_ROOT}/../Podfile.lock\" \"${PODS_ROOT}/Manifest.lock\" > /dev/null\nif [[ $? != 0 ]] ; then\n    cat << EOM\nerror: The sandbox is not in sync with the Podfile.lock. Run 'pod install' or update your CocoaPods installation.\nEOM\n    exit 1\nfi\n";
			showEnvVarsInLog = 0;
		};
/* End PBXShellScriptBuildPhase section */

/* Begin PBXSourcesBuildPhase section */
		04F03AAB1C2B7A16007C5A7A /* Sources */ = {
			isa = PBXSourcesBuildPhase;
			buildActionMask = 2147483647;
			files = (
				04F9CE111C2BDD4E00FF2E2E /* UIBarButtonItem+Extension.m in Sources */,
				04F9CDFC1C2BC20B00FF2E2E /* UIView+Extension.m in Sources */,
				04F9CDFA1C2BC20B00FF2E2E /* UIImage+Extension.m in Sources */,
				040AE29B1C321840004B7F46 /* HUTabBar.m in Sources */,
				04F9CDF91C2BC20B00FF2E2E /* NSString+Extension.m in Sources */,
				0405938E1C2E1CD100978221 /* HUNetworkingApi.m in Sources */,
				04F9CE151C2BDFCB00FF2E2E /* HUAddSportViewController.m in Sources */,
				04EEC3071C3A32D700D13CD4 /* HUUser.m in Sources */,
				04F9CE191C2BEA6100FF2E2E /* HUCalculatorMaker.m in Sources */,
				04EEC2F61C39FAC900D13CD4 /* HUCustomDataSource.m in Sources */,
				04EEC2FA1C3A0AC100D13CD4 /* HUEditSportViewController.m in Sources */,
				04F9CE041C2BC76100FF2E2E /* ViewController.m in Sources */,
				04F9CE081C2BC79900FF2E2E /* HUParallaxView.m in Sources */,
				04F9CDFB1C2BC20B00FF2E2E /* UINavigationBar+BackgroundColor.m in Sources */,
				040593941C2E301F00978221 /* DBMaster.m in Sources */,
				04F03AD01C2BB5FE007C5A7A /* HULoginViewController.m in Sources */,
				04EEC3061C3A32D700D13CD4 /* HUModel.m in Sources */,
				04F9CE1C1C2BEB2A00FF2E2E /* NSObject+HUCalculator.m in Sources */,
				040593911C2E2F2600978221 /* HUUserViewModel.m in Sources */,
				0405939B1C2E845D00978221 /* HULocalizationApi.m in Sources */,
				04F9CE051C2BC76100FF2E2E /* MyView.m in Sources */,
				04F03AB71C2B7A16007C5A7A /* AppDelegate.m in Sources */,
				045310C51C2D052500DE0DC9 /* HUCommond.m in Sources */,
				04EEC3001C3A0CAD00D13CD4 /* HUEditViewModel.m in Sources */,
				04F9CE0E1C2BDD0600FF2E2E /* HUNavigationController.m in Sources */,
				040AE2981C3215D8004B7F46 /* HUTabBarController.m in Sources */,
				04F03AB41C2B7A16007C5A7A /* main.m in Sources */,
				0405939E1C2E8E2500978221 /* HUBasicViewModel.m in Sources */,
			);
			runOnlyForDeploymentPostprocessing = 0;
		};
/* End PBXSourcesBuildPhase section */

/* Begin PBXVariantGroup section */
		04F03ABB1C2B7A16007C5A7A /* Main.storyboard */ = {
			isa = PBXVariantGroup;
			children = (
				04F03ABC1C2B7A16007C5A7A /* Base */,
			);
			name = Main.storyboard;
			sourceTree = "<group>";
		};
/* End PBXVariantGroup section */

/* Begin XCBuildConfiguration section */
		04F03AC41C2B7A16007C5A7A /* Debug */ = {
			isa = XCBuildConfiguration;
			buildSettings = {
				ALWAYS_SEARCH_USER_PATHS = NO;
				CLANG_CXX_LANGUAGE_STANDARD = "gnu++0x";
				CLANG_CXX_LIBRARY = "libc++";
				CLANG_ENABLE_MODULES = YES;
				CLANG_ENABLE_OBJC_ARC = YES;
				CLANG_WARN_BOOL_CONVERSION = YES;
				CLANG_WARN_CONSTANT_CONVERSION = YES;
				CLANG_WARN_DIRECT_OBJC_ISA_USAGE = YES_ERROR;
				CLANG_WARN_EMPTY_BODY = YES;
				CLANG_WARN_ENUM_CONVERSION = YES;
				CLANG_WARN_INT_CONVERSION = YES;
				CLANG_WARN_OBJC_ROOT_CLASS = YES_ERROR;
				CLANG_WARN_UNREACHABLE_CODE = YES;
				CLANG_WARN__DUPLICATE_METHOD_MATCH = YES;
				"CODE_SIGN_IDENTITY[sdk=iphoneos*]" = "iPhone Developer";
				COPY_PHASE_STRIP = NO;
				DEBUG_INFORMATION_FORMAT = dwarf;
				ENABLE_STRICT_OBJC_MSGSEND = YES;
				ENABLE_TESTABILITY = YES;
				GCC_C_LANGUAGE_STANDARD = gnu99;
				GCC_DYNAMIC_NO_PIC = NO;
				GCC_NO_COMMON_BLOCKS = YES;
				GCC_OPTIMIZATION_LEVEL = 0;
				GCC_PREPROCESSOR_DEFINITIONS = (
					"DEBUG=1",
					"$(inherited)",
				);
				GCC_WARN_64_TO_32_BIT_CONVERSION = YES;
				GCC_WARN_ABOUT_RETURN_TYPE = YES_ERROR;
				GCC_WARN_UNDECLARED_SELECTOR = YES;
				GCC_WARN_UNINITIALIZED_AUTOS = YES_AGGRESSIVE;
				GCC_WARN_UNUSED_FUNCTION = YES;
				GCC_WARN_UNUSED_VARIABLE = YES;
				IPHONEOS_DEPLOYMENT_TARGET = 9.2;
				MTL_ENABLE_DEBUG_INFO = YES;
				ONLY_ACTIVE_ARCH = YES;
				SDKROOT = iphoneos;
			};
			name = Debug;
		};
		04F03AC51C2B7A16007C5A7A /* Release */ = {
			isa = XCBuildConfiguration;
			buildSettings = {
				ALWAYS_SEARCH_USER_PATHS = NO;
				CLANG_CXX_LANGUAGE_STANDARD = "gnu++0x";
				CLANG_CXX_LIBRARY = "libc++";
				CLANG_ENABLE_MODULES = YES;
				CLANG_ENABLE_OBJC_ARC = YES;
				CLANG_WARN_BOOL_CONVERSION = YES;
				CLANG_WARN_CONSTANT_CONVERSION = YES;
				CLANG_WARN_DIRECT_OBJC_ISA_USAGE = YES_ERROR;
				CLANG_WARN_EMPTY_BODY = YES;
				CLANG_WARN_ENUM_CONVERSION = YES;
				CLANG_WARN_INT_CONVERSION = YES;
				CLANG_WARN_OBJC_ROOT_CLASS = YES_ERROR;
				CLANG_WARN_UNREACHABLE_CODE = YES;
				CLANG_WARN__DUPLICATE_METHOD_MATCH = YES;
				"CODE_SIGN_IDENTITY[sdk=iphoneos*]" = "iPhone Developer";
				COPY_PHASE_STRIP = NO;
				DEBUG_INFORMATION_FORMAT = "dwarf-with-dsym";
				ENABLE_NS_ASSERTIONS = NO;
				ENABLE_STRICT_OBJC_MSGSEND = YES;
				GCC_C_LANGUAGE_STANDARD = gnu99;
				GCC_NO_COMMON_BLOCKS = YES;
				GCC_WARN_64_TO_32_BIT_CONVERSION = YES;
				GCC_WARN_ABOUT_RETURN_TYPE = YES_ERROR;
				GCC_WARN_UNDECLARED_SELECTOR = YES;
				GCC_WARN_UNINITIALIZED_AUTOS = YES_AGGRESSIVE;
				GCC_WARN_UNUSED_FUNCTION = YES;
				GCC_WARN_UNUSED_VARIABLE = YES;
				IPHONEOS_DEPLOYMENT_TARGET = 9.2;
				MTL_ENABLE_DEBUG_INFO = NO;
				SDKROOT = iphoneos;
				VALIDATE_PRODUCT = YES;
			};
			name = Release;
		};
		04F03AC71C2B7A16007C5A7A /* Debug */ = {
			isa = XCBuildConfiguration;
			baseConfigurationReference = 99FBA4DA239A4F574BD415E4 /* Pods-SportTimer.debug.xcconfig */;
			buildSettings = {
				ASSETCATALOG_COMPILER_APPICON_NAME = AppIcon;
				GCC_PRECOMPILE_PREFIX_HEADER = YES;
				GCC_PREFIX_HEADER = "$(SRCROOT)/SportTimer/PrefixHeader.pch";
				INFOPLIST_FILE = SportTimer/Info.plist;
				IPHONEOS_DEPLOYMENT_TARGET = 7.0;
				LD_RUNPATH_SEARCH_PATHS = "$(inherited) @executable_path/Frameworks";
				PRODUCT_BUNDLE_IDENTIFIER = com.jinhuadiqigan.SportTimer;
				PRODUCT_NAME = "$(TARGET_NAME)";
			};
			name = Debug;
		};
		04F03AC81C2B7A16007C5A7A /* Release */ = {
			isa = XCBuildConfiguration;
			baseConfigurationReference = 82900478C216FBDCC3ACDCD0 /* Pods-SportTimer.release.xcconfig */;
			buildSettings = {
				ASSETCATALOG_COMPILER_APPICON_NAME = AppIcon;
				GCC_PRECOMPILE_PREFIX_HEADER = YES;
				GCC_PREFIX_HEADER = "$(SRCROOT)/SportTimer/PrefixHeader.pch";
				INFOPLIST_FILE = SportTimer/Info.plist;
				IPHONEOS_DEPLOYMENT_TARGET = 7.0;
				LD_RUNPATH_SEARCH_PATHS = "$(inherited) @executable_path/Frameworks";
				PRODUCT_BUNDLE_IDENTIFIER = com.jinhuadiqigan.SportTimer;
				PRODUCT_NAME = "$(TARGET_NAME)";
			};
			name = Release;
		};
/* End XCBuildConfiguration section */

/* Begin XCConfigurationList section */
		04F03AAA1C2B7A16007C5A7A /* Build configuration list for PBXProject "SportTimer" */ = {
			isa = XCConfigurationList;
			buildConfigurations = (
				04F03AC41C2B7A16007C5A7A /* Debug */,
				04F03AC51C2B7A16007C5A7A /* Release */,
			);
			defaultConfigurationIsVisible = 0;
			defaultConfigurationName = Release;
		};
		04F03AC61C2B7A16007C5A7A /* Build configuration list for PBXNativeTarget "SportTimer" */ = {
			isa = XCConfigurationList;
			buildConfigurations = (
				04F03AC71C2B7A16007C5A7A /* Debug */,
				04F03AC81C2B7A16007C5A7A /* Release */,
			);
			defaultConfigurationIsVisible = 0;
			defaultConfigurationName = Release;
		};
/* End XCConfigurationList section */
	};
	rootObject = 04F03AA71C2B7A16007C5A7A /* Project object */;
}
